
Microsoft Visual Studio Solution File, Format Version 12.00
# Visual Studio 15
VisualStudioVersion = 15.0.26430.6
MinimumVisualStudioVersion = 10.0.40219.1
Project("{F184B08F-C81C-45F6-A57F-5ABD9991F28F}") = "Login", "Login\Login.vbproj", "{761F88C3-CAD0-4D30-B5E5-31BFE6B52F0B}"
EndProject
Project("{2150E333-8FDC-42A3-9474-1A3956D46DE8}") = "Solution Items", "Solution Items", "{CBA2F709-466D-4722-91E5-5452C5D5575B}"
	ProjectSection(SolutionItems) = preProject
		Login\bin\Debug\icon\dir.png = Login\bin\Debug\icon\dir.png
		Login\file.png = Login\file.png
	EndProjectSection
EndProject
Global
	GlobalSection(SolutionConfigurationPlatforms) = preSolution
		Debug|Any CPU = Debug|Any CPU
		Release|Any CPU = Release|Any CPU
	EndGlobalSection
	GlobalSection(ProjectConfigurationPlatforms) = postSolution
		{761F88C3-CAD0-4D30-B5E5-31BFE6B52F0B}.Debug|Any CPU.ActiveCfg = Debug|Any CPU
		{761F88C3-CAD0-4D30-B5E5-31BFE6B52F0B}.Debug|Any CPU.Build.0 = Debug|Any CPU
		{761F88C3-CAD0-4D30-B5E5-31BFE6B52F0B}.Release|Any CPU.ActiveCfg = Release|Any CPU
		{761F88C3-CAD0-4D30-B5E5-31BFE6B52F0B}.Release|Any CPU.Build.0 = Release|Any CPU
	EndGlobalSection
	GlobalSection(SolutionProperties) = preSolution
		HideSolutionNode = FALSE
	EndGlobalSection
EndGlobal
